// !$*UTF8*$!
{
	archiveVersion = 1;
	classes = {
	};
	objectVersion = 50;
	objects = {

/* Begin PBXBuildFile section */
		C6CA50B824DAE5C000A35D76 /* AppDelegate.swift in Sources */ = {isa = PBXBuildFile; fileRef = C6CA50B724DAE5C000A35D76 /* AppDelegate.swift */; };
		C6CA50BA24DAE5C000A35D76 /* SceneDelegate.swift in Sources */ = {isa = PBXBuildFile; fileRef = C6CA50B924DAE5C000A35D76 /* SceneDelegate.swift */; };
		C6CA50BC24DAE5C000A35D76 /* ContentView.swift in Sources */ = {isa = PBXBuildFile; fileRef = C6CA50BB24DAE5C000A35D76 /* ContentView.swift */; };
		C6CA50BE24DAE5C300A35D76 /* Assets.xcassets in Resources */ = {isa = PBXBuildFile; fileRef = C6CA50BD24DAE5C300A35D76 /* Assets.xcassets */; };
		C6CA50C124DAE5C300A35D76 /* Preview Assets.xcassets in Resources */ = {isa = PBXBuildFile; fileRef = C6CA50C024DAE5C300A35D76 /* Preview Assets.xcassets */; };
		C6CA50C424DAE5C300A35D76 /* LaunchScreen.storyboard in Resources */ = {isa = PBXBuildFile; fileRef = C6CA50C224DAE5C300A35D76 /* LaunchScreen.storyboard */; };
		C6CA50CF24DAE5C400A35D76 /* SwitchingCameraPreviewTests.swift in Sources */ = {isa = PBXBuildFile; fileRef = C6CA50CE24DAE5C400A35D76 /* SwitchingCameraPreviewTests.swift */; };
		C6CA50DA24DAE5C400A35D76 /* SwitchingCameraPreviewUITests.swift in Sources */ = {isa = PBXBuildFile; fileRef = C6CA50D924DAE5C400A35D76 /* SwitchingCameraPreviewUITests.swift */; };
/* End PBXBuildFile section */

/* Begin PBXContainerItemProxy section */
		C6CA50CB24DAE5C300A35D76 /* PBXContainerItemProxy */ = {
			isa = PBXContainerItemProxy;
			containerPortal = C6CA50AC24DAE5C000A35D76 /* Project object */;
			proxyType = 1;
			remoteGlobalIDString = C6CA50B324DAE5C000A35D76;
			remoteInfo = SwitchingCameraPreview;
		};
		C6CA50D624DAE5C400A35D76 /* PBXContainerItemProxy */ = {
			isa = PBXContainerItemProxy;
			containerPortal = C6CA50AC24DAE5C000A35D76 /* Project object */;
			proxyType = 1;
			remoteGlobalIDString = C6CA50B324DAE5C000A35D76;
			remoteInfo = SwitchingCameraPreview;
		};
/* End PBXContainerItemProxy section */

/* Begin PBXFileReference section */
		C6CA50B424DAE5C000A35D76 /* SemanticSegmentationCamera.app */ = {isa = PBXFileReference; explicitFileType = wrapper.application; includeInIndex = 0; path = SemanticSegmentationCamera.app; sourceTree = BUILT_PRODUCTS_DIR; };
		C6CA50B724DAE5C000A35D76 /* AppDelegate.swift */ = {isa = PBXFileReference; lastKnownFileType = sourcecode.swift; path = AppDelegate.swift; sourceTree = "<group>"; };
		C6CA50B924DAE5C000A35D76 /* SceneDelegate.swift */ = {isa = PBXFileReference; lastKnownFileType = sourcecode.swift; path = SceneDelegate.swift; sourceTree = "<group>"; };
		C6CA50BB24DAE5C000A35D76 /* ContentView.swift */ = {isa = PBXFileReference; lastKnownFileType = sourcecode.swift; path = ContentView.swift; sourceTree = "<group>"; };
		C6CA50BD24DAE5C300A35D76 /* Assets.xcassets */ = {isa = PBXFileReference; lastKnownFileType = folder.assetcatalog; path = Assets.xcassets; sourceTree = "<group>"; };
		C6CA50C024DAE5C300A35D76 /* Preview Assets.xcassets */ = {isa = PBXFileReference; lastKnownFileType = folder.assetcatalog; path = "Preview Assets.xcassets"; sourceTree = "<group>"; };
		C6CA50C324DAE5C300A35D76 /* Base */ = {isa = PBXFileReference; lastKnownFileType = file.storyboard; name = Base; path = Base.lproj/LaunchScreen.storyboard; sourceTree = "<group>"; };
		C6CA50C524DAE5C300A35D76 /* Info.plist */ = {isa = PBXFileReference; lastKnownFileType = text.plist.xml; path = Info.plist; sourceTree = "<group>"; };
		C6CA50CA24DAE5C300A35D76 /* SemanticSegmentationCameraTests.xctest */ = {isa = PBXFileReference; explicitFileType = wrapper.cfbundle; includeInIndex = 0; path = SemanticSegmentationCameraTests.xctest; sourceTree = BUILT_PRODUCTS_DIR; };
		C6CA50CE24DAE5C400A35D76 /* SwitchingCameraPreviewTests.swift */ = {isa = PBXFileReference; lastKnownFileType = sourcecode.swift; path = SwitchingCameraPreviewTests.swift; sourceTree = "<group>"; };
		C6CA50D024DAE5C400A35D76 /* Info.plist */ = {isa = PBXFileReference; lastKnownFileType = text.plist.xml; path = Info.plist; sourceTree = "<group>"; };
		C6CA50D524DAE5C400A35D76 /* SemanticSegmentationCameraUITests.xctest */ = {isa = PBXFileReference; explicitFileType = wrapper.cfbundle; includeInIndex = 0; path = SemanticSegmentationCameraUITests.xctest; sourceTree = BUILT_PRODUCTS_DIR; };
		C6CA50D924DAE5C400A35D76 /* SwitchingCameraPreviewUITests.swift */ = {isa = PBXFileReference; lastKnownFileType = sourcecode.swift; path = SwitchingCameraPreviewUITests.swift; sourceTree = "<group>"; };
		C6CA50DB24DAE5C400A35D76 /* Info.plist */ = {isa = PBXFileReference; lastKnownFileType = text.plist.xml; path = Info.plist; sourceTree = "<group>"; };
/* End PBXFileReference section */

/* Begin PBXFrameworksBuildPhase section */
		C6CA50B124DAE5C000A35D76 /* Frameworks */ = {
			isa = PBXFrameworksBuildPhase;
			buildActionMask = 2147483647;
			files = (
			);
			runOnlyForDeploymentPostprocessing = 0;
		};
		C6CA50C724DAE5C300A35D76 /* Frameworks */ = {
			isa = PBXFrameworksBuildPhase;
			buildActionMask = 2147483647;
			files = (
			);
			runOnlyForDeploymentPostprocessing = 0;
		};
		C6CA50D224DAE5C400A35D76 /* Frameworks */ = {
			isa = PBXFrameworksBuildPhase;
			buildActionMask = 2147483647;
			files = (
			);
			runOnlyForDeploymentPostprocessing = 0;
		};
/* End PBXFrameworksBuildPhase section */

/* Begin PBXGroup section */
		C6CA50AB24DAE5C000A35D76 = {
			isa = PBXGroup;
			children = (
				C6CA50B624DAE5C000A35D76 /* SemanticSegmentationCamera */,
				C6CA50CD24DAE5C400A35D76 /* SemanticSegmentationCameraTests */,
				C6CA50D824DAE5C400A35D76 /* SemanticSegmentationCameraUITests */,
				C6CA50B524DAE5C000A35D76 /* Products */,
			);
			sourceTree = "<group>";
		};
		C6CA50B524DAE5C000A35D76 /* Products */ = {
			isa = PBXGroup;
			children = (
				C6CA50B424DAE5C000A35D76 /* SemanticSegmentationCamera.app */,
				C6CA50CA24DAE5C300A35D76 /* SemanticSegmentationCameraTests.xctest */,
				C6CA50D524DAE5C400A35D76 /* SemanticSegmentationCameraUITests.xctest */,
			);
			name = Products;
			sourceTree = "<group>";
		};
		C6CA50B624DAE5C000A35D76 /* SemanticSegmentationCamera */ = {
			isa = PBXGroup;
			children = (
				C6CA50B724DAE5C000A35D76 /* AppDelegate.swift */,
				C6CA50B924DAE5C000A35D76 /* SceneDelegate.swift */,
				C6CA50BB24DAE5C000A35D76 /* ContentView.swift */,
				C6CA50BD24DAE5C300A35D76 /* Assets.xcassets */,
				C6CA50C224DAE5C300A35D76 /* LaunchScreen.storyboard */,
				C6CA50C524DAE5C300A35D76 /* Info.plist */,
				C6CA50BF24DAE5C300A35D76 /* Preview Content */,
			);
			path = SemanticSegmentationCamera;
			sourceTree = "<group>";
		};
		C6CA50BF24DAE5C300A35D76 /* Preview Content */ = {
			isa = PBXGroup;
			children = (
				C6CA50C024DAE5C300A35D76 /* Preview Assets.xcassets */,
			);
			path = "Preview Content";
			sourceTree = "<group>";
		};
		C6CA50CD24DAE5C400A35D76 /* SemanticSegmentationCameraTests */ = {
			isa = PBXGroup;
			children = (
				C6CA50CE24DAE5C400A35D76 /* SwitchingCameraPreviewTests.swift */,
				C6CA50D024DAE5C400A35D76 /* Info.plist */,
			);
			path = SemanticSegmentationCameraTests;
			sourceTree = "<group>";
		};
		C6CA50D824DAE5C400A35D76 /* SemanticSegmentationCameraUITests */ = {
			isa = PBXGroup;
			children = (
				C6CA50D924DAE5C400A35D76 /* SwitchingCameraPreviewUITests.swift */,
				C6CA50DB24DAE5C400A35D76 /* Info.plist */,
			);
			path = SemanticSegmentationCameraUITests;
			sourceTree = "<group>";
		};
/* End PBXGroup section */

/* Begin PBXNativeTarget section */
		C6CA50B324DAE5C000A35D76 /* SemanticSegmentationCamera */ = {
			isa = PBXNativeTarget;
			buildConfigurationList = C6CA50DE24DAE5C400A35D76 /* Build configuration list for PBXNativeTarget "SemanticSegmentationCamera" */;
			buildPhases = (
				C6CA50B024DAE5C000A35D76 /* Sources */,
				C6CA50B124DAE5C000A35D76 /* Frameworks */,
				C6CA50B224DAE5C000A35D76 /* Resources */,
			);
			buildRules = (
			);
			dependencies = (
			);
			name = SemanticSegmentationCamera;
			productName = SwitchingCameraPreview;
			productReference = C6CA50B424DAE5C000A35D76 /* SemanticSegmentationCamera.app */;
			productType = "com.apple.product-type.application";
		};
		C6CA50C924DAE5C300A35D76 /* SemanticSegmentationCameraTests */ = {
			isa = PBXNativeTarget;
			buildConfigurationList = C6CA50E124DAE5C400A35D76 /* Build configuration list for PBXNativeTarget "SemanticSegmentationCameraTests" */;
			buildPhases = (
				C6CA50C624DAE5C300A35D76 /* Sources */,
				C6CA50C724DAE5C300A35D76 /* Frameworks */,
				C6CA50C824DAE5C300A35D76 /* Resources */,
			);
			buildRules = (
			);
			dependencies = (
				C6CA50CC24DAE5C300A35D76 /* PBXTargetDependency */,
			);
			name = SemanticSegmentationCameraTests;
			productName = SwitchingCameraPreviewTests;
			productReference = C6CA50CA24DAE5C300A35D76 /* SemanticSegmentationCameraTests.xctest */;
			productType = "com.apple.product-type.bundle.unit-test";
		};
		C6CA50D424DAE5C400A35D76 /* SemanticSegmentationCameraUITests */ = {
			isa = PBXNativeTarget;
			buildConfigurationList = C6CA50E424DAE5C400A35D76 /* Build configuration list for PBXNativeTarget "SemanticSegmentationCameraUITests" */;
			buildPhases = (
				C6CA50D124DAE5C400A35D76 /* Sources */,
				C6CA50D224DAE5C400A35D76 /* Frameworks */,
				C6CA50D324DAE5C400A35D76 /* Resources */,
			);
			buildRules = (
			);
			dependencies = (
				C6CA50D724DAE5C400A35D76 /* PBXTargetDependency */,
			);
			name = SemanticSegmentationCameraUITests;
			productName = SwitchingCameraPreviewUITests;
			productReference = C6CA50D524DAE5C400A35D76 /* SemanticSegmentationCameraUITests.xctest */;
			productType = "com.apple.product-type.bundle.ui-testing";
		};
/* End PBXNativeTarget section */

/* Begin PBXProject section */
		C6CA50AC24DAE5C000A35D76 /* Project object */ = {
			isa = PBXProject;
			attributes = {
				LastSwiftUpdateCheck = 1150;
				LastUpgradeCheck = 1150;
				ORGANIZATIONNAME = "Yogox Galaxy";
				TargetAttributes = {
					C6CA50B324DAE5C000A35D76 = {
						CreatedOnToolsVersion = 11.5;
					};
					C6CA50C924DAE5C300A35D76 = {
						CreatedOnToolsVersion = 11.5;
						TestTargetID = C6CA50B324DAE5C000A35D76;
					};
					C6CA50D424DAE5C400A35D76 = {
						CreatedOnToolsVersion = 11.5;
						TestTargetID = C6CA50B324DAE5C000A35D76;
					};
				};
			};
			buildConfigurationList = C6CA50AF24DAE5C000A35D76 /* Build configuration list for PBXProject "SemanticSegmentationCamera" */;
			compatibilityVersion = "Xcode 9.3";
			developmentRegion = en;
			hasScannedForEncodings = 0;
			knownRegions = (
				en,
				Base,
			);
			mainGroup = C6CA50AB24DAE5C000A35D76;
			productRefGroup = C6CA50B524DAE5C000A35D76 /* Products */;
			projectDirPath = "";
			projectRoot = "";
			targets = (
				C6CA50B324DAE5C000A35D76 /* SemanticSegmentationCamera */,
				C6CA50C924DAE5C300A35D76 /* SemanticSegmentationCameraTests */,
				C6CA50D424DAE5C400A35D76 /* SemanticSegmentationCameraUITests */,
			);
		};
/* End PBXProject section */

/* Begin PBXResourcesBuildPhase section */
		C6CA50B224DAE5C000A35D76 /* Resources */ = {
			isa = PBXResourcesBuildPhase;
			buildActionMask = 2147483647;
			files = (
				C6CA50C424DAE5C300A35D76 /* LaunchScreen.storyboard in Resources */,
				C6CA50C124DAE5C300A35D76 /* Preview Assets.xcassets in Resources */,
				C6CA50BE24DAE5C300A35D76 /* Assets.xcassets in Resources */,
			);
			runOnlyForDeploymentPostprocessing = 0;
		};
		C6CA50C824DAE5C300A35D76 /* Resources */ = {
			isa = PBXResourcesBuildPhase;
			buildActionMask = 2147483647;
			files = (
			);
			runOnlyForDeploymentPostprocessing = 0;
		};
		C6CA50D324DAE5C400A35D76 /* Resources */ = {
			isa = PBXResourcesBuildPhase;
			buildActionMask = 2147483647;
			files = (
			);
			runOnlyForDeploymentPostprocessing = 0;
		};
/* End PBXResourcesBuildPhase section */

/* Begin PBXSourcesBuildPhase section */
		C6CA50B024DAE5C000A35D76 /* Sources */ = {
			isa = PBXSourcesBuildPhase;
			buildActionMask = 2147483647;
			files = (
				C6CA50B824DAE5C000A35D76 /* AppDelegate.swift in Sources */,
				C6CA50BA24DAE5C000A35D76 /* SceneDelegate.swift in Sources */,
				C6CA50BC24DAE5C000A35D76 /* ContentView.swift in Sources */,
			);
			runOnlyForDeploymentPostprocessing = 0;
		};
		C6CA50C624DAE5C300A35D76 /* Sources */ = {
			isa = PBXSourcesBuildPhase;
			buildActionMask = 2147483647;
			files = (
				C6CA50CF24DAE5C400A35D76 /* SwitchingCameraPreviewTests.swift in Sources */,
			);
			runOnlyForDeploymentPostprocessing = 0;
		};
		C6CA50D124DAE5C400A35D76 /* Sources */ = {
			isa = PBXSourcesBuildPhase;
			buildActionMask = 2147483647;
			files = (
				C6CA50DA24DAE5C400A35D76 /* SwitchingCameraPreviewUITests.swift in Sources */,
			);
			runOnlyForDeploymentPostprocessing = 0;
		};
/* End PBXSourcesBuildPhase section */

/* Begin PBXTargetDependency section */
		C6CA50CC24DAE5C300A35D76 /* PBXTargetDependency */ = {
			isa = PBXTargetDependency;
			target = C6CA50B324DAE5C000A35D76 /* SemanticSegmentationCamera */;
			targetProxy = C6CA50CB24DAE5C300A35D76 /* PBXContainerItemProxy */;
		};
		C6CA50D724DAE5C400A35D76 /* PBXTargetDependency */ = {
			isa = PBXTargetDependency;
			target = C6CA50B324DAE5C000A35D76 /* SemanticSegmentationCamera */;
			targetProxy = C6CA50D624DAE5C400A35D76 /* PBXContainerItemProxy */;
		};
/* End PBXTargetDependency section */

/* Begin PBXVariantGroup section */
		C6CA50C224DAE5C300A35D76 /* LaunchScreen.storyboard */ = {
			isa = PBXVariantGroup;
			children = (
				C6CA50C324DAE5C300A35D76 /* Base */,
			);
			name = LaunchScreen.storyboard;
			sourceTree = "<group>";
		};
/* End PBXVariantGroup section */

/* Begin XCBuildConfiguration section */
		C6CA50DC24DAE5C400A35D76 /* Debug */ = {
			isa = XCBuildConfiguration;
			buildSettings = {
				ALWAYS_SEARCH_USER_PATHS = NO;
				CLANG_ANALYZER_NONNULL = YES;
				CLANG_ANALYZER_NUMBER_OBJECT_CONVERSION = YES_AGGRESSIVE;
				CLANG_CXX_LANGUAGE_STANDARD = "gnu++14";
				CLANG_CXX_LIBRARY = "libc++";
				CLANG_ENABLE_MODULES = YES;
				CLANG_ENABLE_OBJC_ARC = YES;
				CLANG_ENABLE_OBJC_WEAK = YES;
				CLANG_WARN_BLOCK_CAPTURE_AUTORELEASING = YES;
				CLANG_WARN_BOOL_CONVERSION = YES;
				CLANG_WARN_COMMA = YES;
				CLANG_WARN_CONSTANT_CONVERSION = YES;
				CLANG_WARN_DEPRECATED_OBJC_IMPLEMENTATIONS = YES;
				CLANG_WARN_DIRECT_OBJC_ISA_USAGE = YES_ERROR;
				CLANG_WARN_DOCUMENTATION_COMMENTS = YES;
				CLANG_WARN_EMPTY_BODY = YES;
				CLANG_WARN_ENUM_CONVERSION = YES;
				CLANG_WARN_INFINITE_RECURSION = YES;
				CLANG_WARN_INT_CONVERSION = YES;
				CLANG_WARN_NON_LITERAL_NULL_CONVERSION = YES;
				CLANG_WARN_OBJC_IMPLICIT_RETAIN_SELF = YES;
				CLANG_WARN_OBJC_LITERAL_CONVERSION = YES;
				CLANG_WARN_OBJC_ROOT_CLASS = YES_ERROR;
				CLANG_WARN_RANGE_LOOP_ANALYSIS = YES;
				CLANG_WARN_STRICT_PROTOTYPES = YES;
				CLANG_WARN_SUSPICIOUS_MOVE = YES;
				CLANG_WARN_UNGUARDED_AVAILABILITY = YES_AGGRESSIVE;
				CLANG_WARN_UNREACHABLE_CODE = YES;
				CLANG_WARN__DUPLICATE_METHOD_MATCH = YES;
				COPY_PHASE_STRIP = NO;
				DEBUG_INFORMATION_FORMAT = dwarf;
				ENABLE_STRICT_OBJC_MSGSEND = YES;
				ENABLE_TESTABILITY = YES;
				GCC_C_LANGUAGE_STANDARD = gnu11;
				GCC_DYNAMIC_NO_PIC = NO;
				GCC_NO_COMMON_BLOCKS = YES;
				GCC_OPTIMIZATION_LEVEL = 0;
				GCC_PREPROCESSOR_DEFINITIONS = (
					"DEBUG=1",
					"$(inherited)",
				);
				GCC_WARN_64_TO_32_BIT_CONVERSION = YES;
				GCC_WARN_ABOUT_RETURN_TYPE = YES_ERROR;
				GCC_WARN_UNDECLARED_SELECTOR = YES;
				GCC_WARN_UNINITIALIZED_AUTOS = YES_AGGRESSIVE;
				GCC_WARN_UNUSED_FUNCTION = YES;
				GCC_WARN_UNUSED_VARIABLE = YES;
				IPHONEOS_DEPLOYMENT_TARGET = 13.5;
				MTL_ENABLE_DEBUG_INFO = INCLUDE_SOURCE;
				MTL_FAST_MATH = YES;
				ONLY_ACTIVE_ARCH = YES;
				SDKROOT = iphoneos;
				SWIFT_ACTIVE_COMPILATION_CONDITIONS = DEBUG;
				SWIFT_OPTIMIZATION_LEVEL = "-Onone";
			};
			name = Debug;
		};
		C6CA50DD24DAE5C400A35D76 /* Release */ = {
			isa = XCBuildConfiguration;
			buildSettings = {
				ALWAYS_SEARCH_USER_PATHS = NO;
				CLANG_ANALYZER_NONNULL = YES;
				CLANG_ANALYZER_NUMBER_OBJECT_CONVERSION = YES_AGGRESSIVE;
				CLANG_CXX_LANGUAGE_STANDARD = "gnu++14";
				CLANG_CXX_LIBRARY = "libc++";
				CLANG_ENABLE_MODULES = YES;
				CLANG_ENABLE_OBJC_ARC = YES;
				CLANG_ENABLE_OBJC_WEAK = YES;
				CLANG_WARN_BLOCK_CAPTURE_AUTORELEASING = YES;
				CLANG_WARN_BOOL_CONVERSION = YES;
				CLANG_WARN_COMMA = YES;
				CLANG_WARN_CONSTANT_CONVERSION = YES;
				CLANG_WARN_DEPRECATED_OBJC_IMPLEMENTATIONS = YES;
				CLANG_WARN_DIRECT_OBJC_ISA_USAGE = YES_ERROR;
				CLANG_WARN_DOCUMENTATION_COMMENTS = YES;
				CLANG_WARN_EMPTY_BODY = YES;
				CLANG_WARN_ENUM_CONVERSION = YES;
				CLANG_WARN_INFINITE_RECURSION = YES;
				CLANG_WARN_INT_CONVERSION = YES;
				CLANG_WARN_NON_LITERAL_NULL_CONVERSION = YES;
				CLANG_WARN_OBJC_IMPLICIT_RETAIN_SELF = YES;
				CLANG_WARN_OBJC_LITERAL_CONVERSION = YES;
				CLANG_WARN_OBJC_ROOT_CLASS = YES_ERROR;
				CLANG_WARN_RANGE_LOOP_ANALYSIS = YES;
				CLANG_WARN_STRICT_PROTOTYPES = YES;
				CLANG_WARN_SUSPICIOUS_MOVE = YES;
				CLANG_WARN_UNGUARDED_AVAILABILITY = YES_AGGRESSIVE;
				CLANG_WARN_UNREACHABLE_CODE = YES;
				CLANG_WARN__DUPLICATE_METHOD_MATCH = YES;
				COPY_PHASE_STRIP = NO;
				DEBUG_INFORMATION_FORMAT = "dwarf-with-dsym";
				ENABLE_NS_ASSERTIONS = NO;
				ENABLE_STRICT_OBJC_MSGSEND = YES;
				GCC_C_LANGUAGE_STANDARD = gnu11;
				GCC_NO_COMMON_BLOCKS = YES;
				GCC_WARN_64_TO_32_BIT_CONVERSION = YES;
				GCC_WARN_ABOUT_RETURN_TYPE = YES_ERROR;
				GCC_WARN_UNDECLARED_SELECTOR = YES;
				GCC_WARN_UNINITIALIZED_AUTOS = YES_AGGRESSIVE;
				GCC_WARN_UNUSED_FUNCTION = YES;
				GCC_WARN_UNUSED_VARIABLE = YES;
				IPHONEOS_DEPLOYMENT_TARGET = 13.5;
				MTL_ENABLE_DEBUG_INFO = NO;
				MTL_FAST_MATH = YES;
				SDKROOT = iphoneos;
				SWIFT_COMPILATION_MODE = wholemodule;
				SWIFT_OPTIMIZATION_LEVEL = "-O";
				VALIDATE_PRODUCT = YES;
			};
			name = Release;
		};
		C6CA50DF24DAE5C400A35D76 /* Debug */ = {
			isa = XCBuildConfiguration;
			buildSettings = {
				ASSETCATALOG_COMPILER_APPICON_NAME = AppIcon;
				CODE_SIGN_STYLE = Automatic;
				DEVELOPMENT_ASSET_PATHS = "\"SemanticSegmentationCamera/Preview Content\"";
				DEVELOPMENT_TEAM = 39R6S7RLQ5;
				ENABLE_PREVIEWS = YES;
				INFOPLIST_FILE = SemanticSegmentationCamera/Info.plist;
				IPHONEOS_DEPLOYMENT_TARGET = 13.4;
				LD_RUNPATH_SEARCH_PATHS = (
					"$(inherited)",
					"@executable_path/Frameworks",
				);
				PRODUCT_BUNDLE_IDENTIFIER = jp.yogo.SemanticSegmentationCamera;
				PRODUCT_NAME = "$(TARGET_NAME)";
				SWIFT_VERSION = 5.0;
				TARGETED_DEVICE_FAMILY = 1;
			};
			name = Debug;
		};
		C6CA50E024DAE5C400A35D76 /* Release */ = {
			isa = XCBuildConfiguration;
			buildSettings = {
				ASSETCATALOG_COMPILER_APPICON_NAME = AppIcon;
				CODE_SIGN_STYLE = Automatic;
				DEVELOPMENT_ASSET_PATHS = "\"SemanticSegmentationCamera/Preview Content\"";
				DEVELOPMENT_TEAM = 39R6S7RLQ5;
				ENABLE_PREVIEWS = YES;
				INFOPLIST_FILE = SemanticSegmentationCamera/Info.plist;
				IPHONEOS_DEPLOYMENT_TARGET = 13.4;
				LD_RUNPATH_SEARCH_PATHS = (
					"$(inherited)",
					"@executable_path/Frameworks",
				);
				PRODUCT_BUNDLE_IDENTIFIER = jp.yogo.SemanticSegmentationCamera;
				PRODUCT_NAME = "$(TARGET_NAME)";
				SWIFT_VERSION = 5.0;
				TARGETED_DEVICE_FAMILY = 1;
			};
			name = Release;
		};
		C6CA50E224DAE5C400A35D76 /* Debug */ = {
			isa = XCBuildConfiguration;
			buildSettings = {
				ALWAYS_EMBED_SWIFT_STANDARD_LIBRARIES = YES;
				BUNDLE_LOADER = "$(TEST_HOST)";
				CODE_SIGN_STYLE = Automatic;
				DEVELOPMENT_TEAM = 39R6S7RLQ5;
				INFOPLIST_FILE = SemanticSegmentationCameraTests/Info.plist;
				IPHONEOS_DEPLOYMENT_TARGET = 13.5;
				LD_RUNPATH_SEARCH_PATHS = (
					"$(inherited)",
					"@executable_path/Frameworks",
					"@loader_path/Frameworks",
				);
				PRODUCT_BUNDLE_IDENTIFIER = jp.yogo.SemanticSegmentationCamera;
				PRODUCT_NAME = "$(TARGET_NAME)";
				SWIFT_VERSION = 5.0;
				TARGETED_DEVICE_FAMILY = "1,2";
				TEST_HOST = "$(BUILT_PRODUCTS_DIR)/SemanticSegmentationCamera.app/SemanticSegmentationCamera";
			};
			name = Debug;
		};
		C6CA50E324DAE5C400A35D76 /* Release */ = {
			isa = XCBuildConfiguration;
			buildSettings = {
				ALWAYS_EMBED_SWIFT_STANDARD_LIBRARIES = YES;
				BUNDLE_LOADER = "$(TEST_HOST)";
				CODE_SIGN_STYLE = Automatic;
				DEVELOPMENT_TEAM = 39R6S7RLQ5;
				INFOPLIST_FILE = SemanticSegmentationCameraTests/Info.plist;
				IPHONEOS_DEPLOYMENT_TARGET = 13.5;
				LD_RUNPATH_SEARCH_PATHS = (
					"$(inherited)",
					"@executable_path/Frameworks",
					"@loader_path/Frameworks",
				);
				PRODUCT_BUNDLE_IDENTIFIER = jp.yogo.SemanticSegmentationCamera;
				PRODUCT_NAME = "$(TARGET_NAME)";
				SWIFT_VERSION = 5.0;
				TARGETED_DEVICE_FAMILY = "1,2";
				TEST_HOST = "$(BUILT_PRODUCTS_DIR)/SemanticSegmentationCamera.app/SemanticSegmentationCamera";
			};
			name = Release;
		};
		C6CA50E524DAE5C400A35D76 /* Debug */ = {
			isa = XCBuildConfiguration;
			buildSettings = {
				ALWAYS_EMBED_SWIFT_STANDARD_LIBRARIES = YES;
				CODE_SIGN_STYLE = Automatic;
				DEVELOPMENT_TEAM = 39R6S7RLQ5;
				INFOPLIST_FILE = SemanticSegmentationCameraUITests/Info.plist;
				LD_RUNPATH_SEARCH_PATHS = (
					"$(inherited)",
					"@executable_path/Frameworks",
					"@loader_path/Frameworks",
				);
				PRODUCT_BUNDLE_IDENTIFIER = jp.yogo.SemanticSegmentationCamera;
				PRODUCT_NAME = "$(TARGET_NAME)";
				SWIFT_VERSION = 5.0;
				TARGETED_DEVICE_FAMILY = "1,2";
				TEST_TARGET_NAME = SemanticSegmentationCamera;
			};
			name = Debug;
		};
		C6CA50E624DAE5C400A35D76 /* Release */ = {
			isa = XCBuildConfiguration;
			buildSettings = {
				ALWAYS_EMBED_SWIFT_STANDARD_LIBRARIES = YES;
				CODE_SIGN_STYLE = Automatic;
				DEVELOPMENT_TEAM = 39R6S7RLQ5;
				INFOPLIST_FILE = SemanticSegmentationCameraUITests/Info.plist;
				LD_RUNPATH_SEARCH_PATHS = (
					"$(inherited)",
					"@executable_path/Frameworks",
					"@loader_path/Frameworks",
				);
				PRODUCT_BUNDLE_IDENTIFIER = jp.yogo.SemanticSegmentationCamera;
				PRODUCT_NAME = "$(TARGET_NAME)";
				SWIFT_VERSION = 5.0;
				TARGETED_DEVICE_FAMILY = "1,2";
				TEST_TARGET_NAME = SemanticSegmentationCamera;
			};
			name = Release;
		};
/* End XCBuildConfiguration section */

/* Begin XCConfigurationList section */
		C6CA50AF24DAE5C000A35D76 /* Build configuration list for PBXProject "SemanticSegmentationCamera" */ = {
			isa = XCConfigurationList;
			buildConfigurations = (
				C6CA50DC24DAE5C400A35D76 /* Debug */,
				C6CA50DD24DAE5C400A35D76 /* Release */,
			);
			defaultConfigurationIsVisible = 0;
			defaultConfigurationName = Release;
		};
		C6CA50DE24DAE5C400A35D76 /* Build configuration list for PBXNativeTarget "SemanticSegmentationCamera" */ = {
			isa = XCConfigurationList;
			buildConfigurations = (
				C6CA50DF24DAE5C400A35D76 /* Debug */,
				C6CA50E024DAE5C400A35D76 /* Release */,
			);
			defaultConfigurationIsVisible = 0;
			defaultConfigurationName = Release;
		};
		C6CA50E124DAE5C400A35D76 /* Build configuration list for PBXNativeTarget "SemanticSegmentationCameraTests" */ = {
			isa = XCConfigurationList;
			buildConfigurations = (
				C6CA50E224DAE5C400A35D76 /* Debug */,
				C6CA50E324DAE5C400A35D76 /* Release */,
			);
			defaultConfigurationIsVisible = 0;
			defaultConfigurationName = Release;
		};
		C6CA50E424DAE5C400A35D76 /* Build configuration list for PBXNativeTarget "SemanticSegmentationCameraUITests" */ = {
			isa = XCConfigurationList;
			buildConfigurations = (
				C6CA50E524DAE5C400A35D76 /* Debug */,
				C6CA50E624DAE5C400A35D76 /* Release */,
			);
			defaultConfigurationIsVisible = 0;
			defaultConfigurationName = Release;
		};
/* End XCConfigurationList section */
	};
	rootObject = C6CA50AC24DAE5C000A35D76 /* Project object */;
}
